
Microsoft Visual Studio Solution File, Format Version 12.00
# Visual Studio Version 16
VisualStudioVersion = 16.0.30523.141
MinimumVisualStudioVersion = 10.0.40219.1
Project("{FAE04EC0-301F-11D3-BF4B-00C04F79EFBC}") = "Controls", "Controls\Controls.csproj", "{A34C1339-EA56-4D46-AB40-03F9A3A4D3F7}"
EndProject
Global
	GlobalSection(SolutionConfigurationPlatforms) = preSolution
		Debug|Any CPU = Debug|Any CPU
		Release|Any CPU = Release|Any CPU
	EndGlobalSection
	GlobalSection(ProjectConfigurationPlatforms) = postSolution
		{A34C1339-EA56-4D46-AB40-03F9A3A4D3F7}.Debug|Any CPU.ActiveCfg = Debug|Any CPU
		{A34C1339-EA56-4D46-AB40-03F9A3A4D3F7}.Debug|Any CPU.Build.0 = Debug|Any CPU
		{A34C1339-EA56-4D46-AB40-03F9A3A4D3F7}.Release|Any CPU.ActiveCfg = Release|Any CPU
		{A34C1339-EA56-4D46-AB40-03F9A3A4D3F7}.Release|Any CPU.Build.0 = Release|Any CPU
	EndGlobalSection
	GlobalSection(SolutionProperties) = preSolution
		HideSolutionNode = FALSE
	EndGlobalSection
	GlobalSection(ExtensibilityGlobals) = postSolution
		SolutionGuid = {6D85EEF2-26B9-40CE-A87C-181952237A49}
	EndGlobalSection
EndGlobal
